{
  "name": "prismata-replay-info",
  "version": "0.1.0",
  "lockfileVersion": 1,
  "requires": true,
  "dependencies": {
    "minimist": {
      "version": "1.2.0",
      "resolved": "http://registry.npmjs.org/minimist/-/minimist-1.2.0.tgz",
      "integrity": "sha1-o1AIsg9BOD7sH7kU9M1d95omQoQ="
    },
    "prismata-replay-parser": {
      "version": "github:plampila/prismata-replay-parser#75b8d804b74eda17faec7f84c07b2ad4503a056d",
      "from": "github:plampila/prismata-replay-parser",
      "requires": {
        "minimist": "^1.2.0",
        "timsort": "^0.3.0"
      }
    },
    "timsort": {
      "version": "0.3.0",
      "resolved": "https://registry.npmjs.org/timsort/-/timsort-0.3.0.tgz",
      "integrity": "sha1-QFQRqOfmM5/mTbmiNN4R3DHgK9Q="
    }
  }
}
